
Microsoft Visual Studio Solution File, Format Version 12.00
# Visual Studio Version 16
VisualStudioVersion = 16.0.31829.152
MinimumVisualStudioVersion = 10.0.40219.1
Project("{FAE04EC0-301F-11D3-BF4B-00C04F79EFBC}") = "BattleShip_StateTracker", "BattleShip_StateTracker\BattleShip_StateTracker.csproj", "{358DA234-C429-4EAE-83C9-6B1FA0CDDC39}"
EndProject
Global
	GlobalSection(SolutionConfigurationPlatforms) = preSolution
		Debug|Any CPU = Debug|Any CPU
		Release|Any CPU = Release|Any CPU
	EndGlobalSection
	GlobalSection(ProjectConfigurationPlatforms) = postSolution
		{358DA234-C429-4EAE-83C9-6B1FA0CDDC39}.Debug|Any CPU.ActiveCfg = Debug|Any CPU
		{358DA234-C429-4EAE-83C9-6B1FA0CDDC39}.Debug|Any CPU.Build.0 = Debug|Any CPU
		{358DA234-C429-4EAE-83C9-6B1FA0CDDC39}.Release|Any CPU.ActiveCfg = Release|Any CPU
		{358DA234-C429-4EAE-83C9-6B1FA0CDDC39}.Release|Any CPU.Build.0 = Release|Any CPU
	EndGlobalSection
	GlobalSection(SolutionProperties) = preSolution
		HideSolutionNode = FALSE
	EndGlobalSection
	GlobalSection(ExtensibilityGlobals) = postSolution
		SolutionGuid = {8509C9FE-C2D8-46DC-81EE-CA9C26755E1A}
	EndGlobalSection
EndGlobal
